
Microsoft Visual Studio Solution File, Format Version 12.00
# Visual Studio Version 17
VisualStudioVersion = 17.14.36310.24 d17.14
MinimumVisualStudioVersion = 10.0.40219.1
Project("{FAE04EC0-301F-11D3-BF4B-00C04F79EFBC}") = "Fixtroller.PL", "Fixtroller.PL\Fixtroller.PL.csproj", "{1E9FC535-FEBD-421D-BD16-F10A071EABCF}"
EndProject
Project("{FAE04EC0-301F-11D3-BF4B-00C04F79EFBC}") = "Fixtroller.DAL", "Fixtroller.DAL\Fixtroller.DAL.csproj", "{B02974A4-7FB8-421D-AC19-C4352DCB0223}"
EndProject
Project("{FAE04EC0-301F-11D3-BF4B-00C04F79EFBC}") = "Fixtroller.BLL", "Fixtroller.BLL\Fixtroller.BLL.csproj", "{9A3CB6A7-1F97-4F5C-BD38-BE6826741862}"
EndProject
Global
	GlobalSection(SolutionConfigurationPlatforms) = preSolution
		Debug|Any CPU = Debug|Any CPU
		Release|Any CPU = Release|Any CPU
	EndGlobalSection
	GlobalSection(ProjectConfigurationPlatforms) = postSolution
		{1E9FC535-FEBD-421D-BD16-F10A071EABCF}.Debug|Any CPU.ActiveCfg = Debug|Any CPU
		{1E9FC535-FEBD-421D-BD16-F10A071EABCF}.Debug|Any CPU.Build.0 = Debug|Any CPU
		{1E9FC535-FEBD-421D-BD16-F10A071EABCF}.Release|Any CPU.ActiveCfg = Release|Any CPU
		{1E9FC535-FEBD-421D-BD16-F10A071EABCF}.Release|Any CPU.Build.0 = Release|Any CPU
		{B02974A4-7FB8-421D-AC19-C4352DCB0223}.Debug|Any CPU.ActiveCfg = Debug|Any CPU
		{B02974A4-7FB8-421D-AC19-C4352DCB0223}.Debug|Any CPU.Build.0 = Debug|Any CPU
		{B02974A4-7FB8-421D-AC19-C4352DCB0223}.Release|Any CPU.ActiveCfg = Release|Any CPU
		{B02974A4-7FB8-421D-AC19-C4352DCB0223}.Release|Any CPU.Build.0 = Release|Any CPU
		{9A3CB6A7-1F97-4F5C-BD38-BE6826741862}.Debug|Any CPU.ActiveCfg = Debug|Any CPU
		{9A3CB6A7-1F97-4F5C-BD38-BE6826741862}.Debug|Any CPU.Build.0 = Debug|Any CPU
		{9A3CB6A7-1F97-4F5C-BD38-BE6826741862}.Release|Any CPU.ActiveCfg = Release|Any CPU
		{9A3CB6A7-1F97-4F5C-BD38-BE6826741862}.Release|Any CPU.Build.0 = Release|Any CPU
	EndGlobalSection
	GlobalSection(SolutionProperties) = preSolution
		HideSolutionNode = FALSE
	EndGlobalSection
	GlobalSection(ExtensibilityGlobals) = postSolution
		SolutionGuid = {4857EAAD-AD23-4F8D-AA3B-EF3B84560059}
	EndGlobalSection
EndGlobal
